
Microsoft Visual Studio Solution File, Format Version 12.00
# Visual Studio Version 17
VisualStudioVersion = 17.14.36603.0
MinimumVisualStudioVersion = 10.0.40219.1
Project("{FAE04EC0-301F-11D3-BF4B-00C04F79EFBC}") = "DinhNgocThienMVC", "DinhNgocThienMVC\DinhNgocThienMVC.csproj", "{F762E2BA-2C74-4BE5-9857-2B8A67C274CC}"
EndProject
Project("{FAE04EC0-301F-11D3-BF4B-00C04F79EFBC}") = "Repositories", "Repositories\Repositories.csproj", "{DAF99483-E497-4062-9BCF-B4F771A44C2F}"
EndProject
Project("{FAE04EC0-301F-11D3-BF4B-00C04F79EFBC}") = "Services", "Services\Services.csproj", "{FE2543AF-943F-40D7-9A31-21C7691BCD9F}"
EndProject
Global
	GlobalSection(SolutionConfigurationPlatforms) = preSolution
		Debug|Any CPU = Debug|Any CPU
		Release|Any CPU = Release|Any CPU
	EndGlobalSection
	GlobalSection(ProjectConfigurationPlatforms) = postSolution
		{F762E2BA-2C74-4BE5-9857-2B8A67C274CC}.Debug|Any CPU.ActiveCfg = Debug|Any CPU
		{F762E2BA-2C74-4BE5-9857-2B8A67C274CC}.Debug|Any CPU.Build.0 = Debug|Any CPU
		{F762E2BA-2C74-4BE5-9857-2B8A67C274CC}.Release|Any CPU.ActiveCfg = Release|Any CPU
		{F762E2BA-2C74-4BE5-9857-2B8A67C274CC}.Release|Any CPU.Build.0 = Release|Any CPU
		{DAF99483-E497-4062-9BCF-B4F771A44C2F}.Debug|Any CPU.ActiveCfg = Debug|Any CPU
		{DAF99483-E497-4062-9BCF-B4F771A44C2F}.Debug|Any CPU.Build.0 = Debug|Any CPU
		{DAF99483-E497-4062-9BCF-B4F771A44C2F}.Release|Any CPU.ActiveCfg = Release|Any CPU
		{DAF99483-E497-4062-9BCF-B4F771A44C2F}.Release|Any CPU.Build.0 = Release|Any CPU
		{FE2543AF-943F-40D7-9A31-21C7691BCD9F}.Debug|Any CPU.ActiveCfg = Debug|Any CPU
		{FE2543AF-943F-40D7-9A31-21C7691BCD9F}.Debug|Any CPU.Build.0 = Debug|Any CPU
		{FE2543AF-943F-40D7-9A31-21C7691BCD9F}.Release|Any CPU.ActiveCfg = Release|Any CPU
		{FE2543AF-943F-40D7-9A31-21C7691BCD9F}.Release|Any CPU.Build.0 = Release|Any CPU
	EndGlobalSection
	GlobalSection(SolutionProperties) = preSolution
		HideSolutionNode = FALSE
	EndGlobalSection
	GlobalSection(ExtensibilityGlobals) = postSolution
		SolutionGuid = {1D971A47-7986-4D72-9852-57EBE40F9452}
	EndGlobalSection
EndGlobal
